
Microsoft Visual Studio Solution File, Format Version 12.00
# Visual Studio Version 17
VisualStudioVersion = 17.4.33122.133
MinimumVisualStudioVersion = 10.0.40219.1
Project("{9A19103F-16F7-4668-BE54-9A1E7A4F7556}") = "TatterFitness.Mobile", "TatterFitness.Mobile\TatterFitness.Mobile.csproj", "{31885AB7-7C62-46B0-8203-0E299AF1B8FB}"
EndProject
Project("{9A19103F-16F7-4668-BE54-9A1E7A4F7556}") = "TatterFitness.Models", "shared\TatterFitness.Models\TatterFitness.Models.csproj", "{9BCDC53C-E6AD-4A67-ABA5-486A3851AD7C}"
EndProject
Global
	GlobalSection(SolutionConfigurationPlatforms) = preSolution
		Debug|Any CPU = Debug|Any CPU
		Release|Any CPU = Release|Any CPU
	EndGlobalSection
	GlobalSection(ProjectConfigurationPlatforms) = postSolution
		{31885AB7-7C62-46B0-8203-0E299AF1B8FB}.Debug|Any CPU.ActiveCfg = Debug|Any CPU
		{31885AB7-7C62-46B0-8203-0E299AF1B8FB}.Debug|Any CPU.Build.0 = Debug|Any CPU
		{31885AB7-7C62-46B0-8203-0E299AF1B8FB}.Release|Any CPU.ActiveCfg = Release|Any CPU
		{31885AB7-7C62-46B0-8203-0E299AF1B8FB}.Release|Any CPU.Build.0 = Release|Any CPU
		{31885AB7-7C62-46B0-8203-0E299AF1B8FB}.Release|Any CPU.Deploy.0 = Release|Any CPU
		{9BCDC53C-E6AD-4A67-ABA5-486A3851AD7C}.Debug|Any CPU.ActiveCfg = Debug|Any CPU
		{9BCDC53C-E6AD-4A67-ABA5-486A3851AD7C}.Debug|Any CPU.Build.0 = Debug|Any CPU
		{9BCDC53C-E6AD-4A67-ABA5-486A3851AD7C}.Release|Any CPU.ActiveCfg = Release|Any CPU
		{9BCDC53C-E6AD-4A67-ABA5-486A3851AD7C}.Release|Any CPU.Build.0 = Release|Any CPU
	EndGlobalSection
	GlobalSection(SolutionProperties) = preSolution
		HideSolutionNode = FALSE
	EndGlobalSection
	GlobalSection(ExtensibilityGlobals) = postSolution
		SolutionGuid = {8A3EAC14-82DB-4704-B0A7-7A2791218F5D}
	EndGlobalSection
EndGlobal
